
Microsoft Visual Studio Solution File, Format Version 12.00
# Visual Studio Version 16
VisualStudioVersion = 16.0.31229.75
MinimumVisualStudioVersion = 10.0.40219.1
Project("{FAE04EC0-301F-11D3-BF4B-00C04F79EFBC}") = "Exercício 6_vetores", "Exercício 6_vetores\Exercício 6_vetores.csproj", "{329EB666-59D6-4F7E-8003-E8C987FAF959}"
EndProject
Global
	GlobalSection(SolutionConfigurationPlatforms) = preSolution
		Debug|Any CPU = Debug|Any CPU
		Release|Any CPU = Release|Any CPU
	EndGlobalSection
	GlobalSection(ProjectConfigurationPlatforms) = postSolution
		{329EB666-59D6-4F7E-8003-E8C987FAF959}.Debug|Any CPU.ActiveCfg = Debug|Any CPU
		{329EB666-59D6-4F7E-8003-E8C987FAF959}.Debug|Any CPU.Build.0 = Debug|Any CPU
		{329EB666-59D6-4F7E-8003-E8C987FAF959}.Release|Any CPU.ActiveCfg = Release|Any CPU
		{329EB666-59D6-4F7E-8003-E8C987FAF959}.Release|Any CPU.Build.0 = Release|Any CPU
	EndGlobalSection
	GlobalSection(SolutionProperties) = preSolution
		HideSolutionNode = FALSE
	EndGlobalSection
	GlobalSection(ExtensibilityGlobals) = postSolution
		SolutionGuid = {0009840F-2D04-46AB-97B3-D651614536A4}
	EndGlobalSection
EndGlobal
